// !$*UTF8*$!
{
	archiveVersion = 1;
	classes = {
	};
	objectVersion = 46;
	objects = {

/* Begin PBXBuildFile section */
		EC8BAFB217F7EFE60083D612 /* SearchResultCell.m in Sources */ = {isa = PBXBuildFile; fileRef = EC8BAFB117F7EFE60083D612 /* SearchResultCell.m */; };
		EC8BAFB517F7F1070083D612 /* CustomCellBackground.m in Sources */ = {isa = PBXBuildFile; fileRef = EC8BAFB417F7F1070083D612 /* CustomCellBackground.m */; };
		EC8BAFB817F7FADD0083D612 /* SongDisplayViewController.m in Sources */ = {isa = PBXBuildFile; fileRef = EC8BAFB717F7FADD0083D612 /* SongDisplayViewController.m */; };
		EC8BAFBA17F820970083D612 /* SystemConfiguration.framework in Frameworks */ = {isa = PBXBuildFile; fileRef = EC8BAFB917F820970083D612 /* SystemConfiguration.framework */; };
		EC8BAFD517F820E50083D612 /* JSONModel.m in Sources */ = {isa = PBXBuildFile; fileRef = EC8BAFBE17F820E50083D612 /* JSONModel.m */; };
		EC8BAFD617F820E50083D612 /* JSONModelArray.m in Sources */ = {isa = PBXBuildFile; fileRef = EC8BAFC017F820E50083D612 /* JSONModelArray.m */; };
		EC8BAFD717F820E50083D612 /* JSONModelClassProperty.m in Sources */ = {isa = PBXBuildFile; fileRef = EC8BAFC217F820E50083D612 /* JSONModelClassProperty.m */; };
		EC8BAFD817F820E50083D612 /* JSONModelError.m in Sources */ = {isa = PBXBuildFile; fileRef = EC8BAFC417F820E50083D612 /* JSONModelError.m */; };
		EC8BAFD917F820E50083D612 /* NSArray+JSONModel.m in Sources */ = {isa = PBXBuildFile; fileRef = EC8BAFC717F820E50083D612 /* NSArray+JSONModel.m */; };
		EC8BAFDA17F820E50083D612 /* JSONAPI.m in Sources */ = {isa = PBXBuildFile; fileRef = EC8BAFCB17F820E50083D612 /* JSONAPI.m */; };
		EC8BAFDB17F820E50083D612 /* JSONHTTPClient.m in Sources */ = {isa = PBXBuildFile; fileRef = EC8BAFCD17F820E50083D612 /* JSONHTTPClient.m */; };
		EC8BAFDC17F820E50083D612 /* JSONModel+networking.m in Sources */ = {isa = PBXBuildFile; fileRef = EC8BAFCF17F820E50083D612 /* JSONModel+networking.m */; };
		EC8BAFDD17F820E50083D612 /* JSONKeyMapper.m in Sources */ = {isa = PBXBuildFile; fileRef = EC8BAFD217F820E50083D612 /* JSONKeyMapper.m */; };
		EC8BAFDE17F820E50083D612 /* JSONValueTransformer.m in Sources */ = {isa = PBXBuildFile; fileRef = EC8BAFD417F820E50083D612 /* JSONValueTransformer.m */; };
		EC8BAFE117F825400083D612 /* SearchResult.m in Sources */ = {isa = PBXBuildFile; fileRef = EC8BAFE017F825400083D612 /* SearchResult.m */; };
		EC8BAFE317F915810083D612 /* danceenergygrid.png in Resources */ = {isa = PBXBuildFile; fileRef = EC8BAFE217F915810083D612 /* danceenergygrid.png */; };
		EC8BAFE917F91E580083D612 /* pause_button.png in Resources */ = {isa = PBXBuildFile; fileRef = EC8BAFE517F91E580083D612 /* pause_button.png */; };
		EC8BAFEA17F91E580083D612 /* pause_button@2x.png in Resources */ = {isa = PBXBuildFile; fileRef = EC8BAFE617F91E580083D612 /* pause_button@2x.png */; };
		EC8BAFEB17F91E580083D612 /* play_button.png in Resources */ = {isa = PBXBuildFile; fileRef = EC8BAFE717F91E580083D612 /* play_button.png */; };
		EC8BAFEC17F91E580083D612 /* play_button@2x.png in Resources */ = {isa = PBXBuildFile; fileRef = EC8BAFE817F91E580083D612 /* play_button@2x.png */; };
		EC903FE717F7A4F0006F3ED2 /* Foundation.framework in Frameworks */ = {isa = PBXBuildFile; fileRef = EC903FE617F7A4F0006F3ED2 /* Foundation.framework */; };
		EC903FE917F7A4F0006F3ED2 /* CoreGraphics.framework in Frameworks */ = {isa = PBXBuildFile; fileRef = EC903FE817F7A4F0006F3ED2 /* CoreGraphics.framework */; };
		EC903FEB17F7A4F0006F3ED2 /* UIKit.framework in Frameworks */ = {isa = PBXBuildFile; fileRef = EC903FEA17F7A4F0006F3ED2 /* UIKit.framework */; };
		EC903FF117F7A4F0006F3ED2 /* InfoPlist.strings in Resources */ = {isa = PBXBuildFile; fileRef = EC903FEF17F7A4F0006F3ED2 /* InfoPlist.strings */; };
		EC903FF317F7A4F0006F3ED2 /* main.m in Sources */ = {isa = PBXBuildFile; fileRef = EC903FF217F7A4F0006F3ED2 /* main.m */; };
		EC903FF717F7A4F0006F3ED2 /* BigByteTestAppDelegate.m in Sources */ = {isa = PBXBuildFile; fileRef = EC903FF617F7A4F0006F3ED2 /* BigByteTestAppDelegate.m */; };
		EC903FFA17F7A4F0006F3ED2 /* Main.storyboard in Resources */ = {isa = PBXBuildFile; fileRef = EC903FF817F7A4F0006F3ED2 /* Main.storyboard */; };
		EC903FFD17F7A4F0006F3ED2 /* BigByteTestMasterViewController.m in Sources */ = {isa = PBXBuildFile; fileRef = EC903FFC17F7A4F0006F3ED2 /* BigByteTestMasterViewController.m */; };
		EC90400017F7A4F0006F3ED2 /* BigByteTestDetailViewController.m in Sources */ = {isa = PBXBuildFile; fileRef = EC903FFF17F7A4F0006F3ED2 /* BigByteTestDetailViewController.m */; };
		EC90400217F7A4F0006F3ED2 /* Images.xcassets in Resources */ = {isa = PBXBuildFile; fileRef = EC90400117F7A4F0006F3ED2 /* Images.xcassets */; };
		EC90400917F7A4F0006F3ED2 /* XCTest.framework in Frameworks */ = {isa = PBXBuildFile; fileRef = EC90400817F7A4F0006F3ED2 /* XCTest.framework */; };
		EC90400A17F7A4F0006F3ED2 /* Foundation.framework in Frameworks */ = {isa = PBXBuildFile; fileRef = EC903FE617F7A4F0006F3ED2 /* Foundation.framework */; };
		EC90400B17F7A4F0006F3ED2 /* UIKit.framework in Frameworks */ = {isa = PBXBuildFile; fileRef = EC903FEA17F7A4F0006F3ED2 /* UIKit.framework */; };
		EC90401317F7A4F0006F3ED2 /* InfoPlist.strings in Resources */ = {isa = PBXBuildFile; fileRef = EC90401117F7A4F0006F3ED2 /* InfoPlist.strings */; };
		EC90401517F7A4F0006F3ED2 /* BigByteTestTests.m in Sources */ = {isa = PBXBuildFile; fileRef = EC90401417F7A4F0006F3ED2 /* BigByteTestTests.m */; };
		ECFC0CF417F7A6F3000E7933 /* Song.m in Sources */ = {isa = PBXBuildFile; fileRef = ECFC0CF317F7A6F3000E7933 /* Song.m */; };
		ECFC0CF717F7A883000E7933 /* SongDataController.m in Sources */ = {isa = PBXBuildFile; fileRef = ECFC0CF617F7A883000E7933 /* SongDataController.m */; };
		ECFC0CFA17F7B17A000E7933 /* App.m in Sources */ = {isa = PBXBuildFile; fileRef = ECFC0CF917F7B17A000E7933 /* App.m */; };
		ECFC0CFD17F7B2DE000E7933 /* Episode.m in Sources */ = {isa = PBXBuildFile; fileRef = ECFC0CFC17F7B2DE000E7933 /* Episode.m */; };
/* End PBXBuildFile section */

/* Begin PBXContainerItemProxy section */
		EC90400C17F7A4F0006F3ED2 /* PBXContainerItemProxy */ = {
			isa = PBXContainerItemProxy;
			containerPortal = EC903FDB17F7A4F0006F3ED2 /* Project object */;
			proxyType = 1;
			remoteGlobalIDString = EC903FE217F7A4F0006F3ED2;
			remoteInfo = BigByteTest;
		};
/* End PBXContainerItemProxy section */

/* Begin PBXFileReference section */
		EC8BAFB017F7EFE60083D612 /* SearchResultCell.h */ = {isa = PBXFileReference; fileEncoding = 4; lastKnownFileType = sourcecode.c.h; name = SearchResultCell.h; path = "../../CollectionView-Simple/CollectionView/SearchResultCell.h"; sourceTree = "<group>"; };
		EC8BAFB117F7EFE60083D612 /* SearchResultCell.m */ = {isa = PBXFileReference; fileEncoding = 4; lastKnownFileType = sourcecode.c.objc; name = SearchResultCell.m; path = "../../CollectionView-Simple/CollectionView/SearchResultCell.m"; sourceTree = "<group>"; };
		EC8BAFB317F7F1070083D612 /* CustomCellBackground.h */ = {isa = PBXFileReference; fileEncoding = 4; lastKnownFileType = sourcecode.c.h; name = CustomCellBackground.h; path = "../../CollectionView-Simple/CollectionView/CustomCellBackground.h"; sourceTree = "<group>"; };
		EC8BAFB417F7F1070083D612 /* CustomCellBackground.m */ = {isa = PBXFileReference; fileEncoding = 4; lastKnownFileType = sourcecode.c.objc; name = CustomCellBackground.m; path = "../../CollectionView-Simple/CollectionView/CustomCellBackground.m"; sourceTree = "<group>"; };
		EC8BAFB617F7FADD0083D612 /* SongDisplayViewController.h */ = {isa = PBXFileReference; fileEncoding = 4; lastKnownFileType = sourcecode.c.h; path = SongDisplayViewController.h; sourceTree = "<group>"; };
		EC8BAFB717F7FADD0083D612 /* SongDisplayViewController.m */ = {isa = PBXFileReference; fileEncoding = 4; lastKnownFileType = sourcecode.c.objc; path = SongDisplayViewController.m; sourceTree = "<group>"; };
		EC8BAFB917F820970083D612 /* SystemConfiguration.framework */ = {isa = PBXFileReference; lastKnownFileType = wrapper.framework; name = SystemConfiguration.framework; path = System/Library/Frameworks/SystemConfiguration.framework; sourceTree = SDKROOT; };
		EC8BAFBD17F820E50083D612 /* JSONModel.h */ = {isa = PBXFileReference; fileEncoding = 4; lastKnownFileType = sourcecode.c.h; path = JSONModel.h; sourceTree = "<group>"; };
		EC8BAFBE17F820E50083D612 /* JSONModel.m */ = {isa = PBXFileReference; fileEncoding = 4; lastKnownFileType = sourcecode.c.objc; path = JSONModel.m; sourceTree = "<group>"; };
		EC8BAFBF17F820E50083D612 /* JSONModelArray.h */ = {isa = PBXFileReference; fileEncoding = 4; lastKnownFileType = sourcecode.c.h; path = JSONModelArray.h; sourceTree = "<group>"; };
		EC8BAFC017F820E50083D612 /* JSONModelArray.m */ = {isa = PBXFileReference; fileEncoding = 4; lastKnownFileType = sourcecode.c.objc; path = JSONModelArray.m; sourceTree = "<group>"; };
		EC8BAFC117F820E50083D612 /* JSONModelClassProperty.h */ = {isa = PBXFileReference; fileEncoding = 4; lastKnownFileType = sourcecode.c.h; path = JSONModelClassProperty.h; sourceTree = "<group>"; };
		EC8BAFC217F820E50083D612 /* JSONModelClassProperty.m */ = {isa = PBXFileReference; fileEncoding = 4; lastKnownFileType = sourcecode.c.objc; path = JSONModelClassProperty.m; sourceTree = "<group>"; };
		EC8BAFC317F820E50083D612 /* JSONModelError.h */ = {isa = PBXFileReference; fileEncoding = 4; lastKnownFileType = sourcecode.c.h; path = JSONModelError.h; sourceTree = "<group>"; };
		EC8BAFC417F820E50083D612 /* JSONModelError.m */ = {isa = PBXFileReference; fileEncoding = 4; lastKnownFileType = sourcecode.c.objc; path = JSONModelError.m; sourceTree = "<group>"; };
		EC8BAFC617F820E50083D612 /* NSArray+JSONModel.h */ = {isa = PBXFileReference; fileEncoding = 4; lastKnownFileType = sourcecode.c.h; path = "NSArray+JSONModel.h"; sourceTree = "<group>"; };
		EC8BAFC717F820E50083D612 /* NSArray+JSONModel.m */ = {isa = PBXFileReference; fileEncoding = 4; lastKnownFileType = sourcecode.c.objc; path = "NSArray+JSONModel.m"; sourceTree = "<group>"; };
		EC8BAFC817F820E50083D612 /* JSONModelLib.h */ = {isa = PBXFileReference; fileEncoding = 4; lastKnownFileType = sourcecode.c.h; path = JSONModelLib.h; sourceTree = "<group>"; };
		EC8BAFCA17F820E50083D612 /* JSONAPI.h */ = {isa = PBXFileReference; fileEncoding = 4; lastKnownFileType = sourcecode.c.h; path = JSONAPI.h; sourceTree = "<group>"; };
		EC8BAFCB17F820E50083D612 /* JSONAPI.m */ = {isa = PBXFileReference; fileEncoding = 4; lastKnownFileType = sourcecode.c.objc; path = JSONAPI.m; sourceTree = "<group>"; };
		EC8BAFCC17F820E50083D612 /* JSONHTTPClient.h */ = {isa = PBXFileReference; fileEncoding = 4; lastKnownFileType = sourcecode.c.h; path = JSONHTTPClient.h; sourceTree = "<group>"; };
		EC8BAFCD17F820E50083D612 /* JSONHTTPClient.m */ = {isa = PBXFileReference; fileEncoding = 4; lastKnownFileType = sourcecode.c.objc; path = JSONHTTPClient.m; sourceTree = "<group>"; };
		EC8BAFCE17F820E50083D612 /* JSONModel+networking.h */ = {isa = PBXFileReference; fileEncoding = 4; lastKnownFileType = sourcecode.c.h; path = "JSONModel+networking.h"; sourceTree = "<group>"; };
		EC8BAFCF17F820E50083D612 /* JSONModel+networking.m */ = {isa = PBXFileReference; fileEncoding = 4; lastKnownFileType = sourcecode.c.objc; path = "JSONModel+networking.m"; sourceTree = "<group>"; };
		EC8BAFD117F820E50083D612 /* JSONKeyMapper.h */ = {isa = PBXFileReference; fileEncoding = 4; lastKnownFileType = sourcecode.c.h; path = JSONKeyMapper.h; sourceTree = "<group>"; };
		EC8BAFD217F820E50083D612 /* JSONKeyMapper.m */ = {isa = PBXFileReference; fileEncoding = 4; lastKnownFileType = sourcecode.c.objc; path = JSONKeyMapper.m; sourceTree = "<group>"; };
		EC8BAFD317F820E50083D612 /* JSONValueTransformer.h */ = {isa = PBXFileReference; fileEncoding = 4; lastKnownFileType = sourcecode.c.h; path = JSONValueTransformer.h; sourceTree = "<group>"; };
		EC8BAFD417F820E50083D612 /* JSONValueTransformer.m */ = {isa = PBXFileReference; fileEncoding = 4; lastKnownFileType = sourcecode.c.objc; path = JSONValueTransformer.m; sourceTree = "<group>"; };
		EC8BAFDF17F825400083D612 /* SearchResult.h */ = {isa = PBXFileReference; fileEncoding = 4; lastKnownFileType = sourcecode.c.h; path = SearchResult.h; sourceTree = "<group>"; };
		EC8BAFE017F825400083D612 /* SearchResult.m */ = {isa = PBXFileReference; fileEncoding = 4; lastKnownFileType = sourcecode.c.objc; path = SearchResult.m; sourceTree = "<group>"; };
		EC8BAFE217F915810083D612 /* danceenergygrid.png */ = {isa = PBXFileReference; lastKnownFileType = image.png; name = danceenergygrid.png; path = ../../../Downloads/danceenergygrid.png; sourceTree = "<group>"; };
		EC8BAFE517F91E580083D612 /* pause_button.png */ = {isa = PBXFileReference; lastKnownFileType = image.png; path = pause_button.png; sourceTree = "<group>"; };
		EC8BAFE617F91E580083D612 /* pause_button@2x.png */ = {isa = PBXFileReference; lastKnownFileType = image.png; path = "pause_button@2x.png"; sourceTree = "<group>"; };
		EC8BAFE717F91E580083D612 /* play_button.png */ = {isa = PBXFileReference; lastKnownFileType = image.png; path = play_button.png; sourceTree = "<group>"; };
		EC8BAFE817F91E580083D612 /* play_button@2x.png */ = {isa = PBXFileReference; lastKnownFileType = image.png; path = "play_button@2x.png"; sourceTree = "<group>"; };
		EC903FE317F7A4F0006F3ED2 /* BigByteTest.app */ = {isa = PBXFileReference; explicitFileType = wrapper.application; includeInIndex = 0; path = BigByteTest.app; sourceTree = BUILT_PRODUCTS_DIR; };
		EC903FE617F7A4F0006F3ED2 /* Foundation.framework */ = {isa = PBXFileReference; lastKnownFileType = wrapper.framework; name = Foundation.framework; path = System/Library/Frameworks/Foundation.framework; sourceTree = SDKROOT; };
		EC903FE817F7A4F0006F3ED2 /* CoreGraphics.framework */ = {isa = PBXFileReference; lastKnownFileType = wrapper.framework; name = CoreGraphics.framework; path = System/Library/Frameworks/CoreGraphics.framework; sourceTree = SDKROOT; };
		EC903FEA17F7A4F0006F3ED2 /* UIKit.framework */ = {isa = PBXFileReference; lastKnownFileType = wrapper.framework; name = UIKit.framework; path = System/Library/Frameworks/UIKit.framework; sourceTree = SDKROOT; };
		EC903FEE17F7A4F0006F3ED2 /* BigByteTest-Info.plist */ = {isa = PBXFileReference; lastKnownFileType = text.plist.xml; path = "BigByteTest-Info.plist"; sourceTree = "<group>"; };
		EC903FF017F7A4F0006F3ED2 /* en */ = {isa = PBXFileReference; lastKnownFileType = text.plist.strings; name = en; path = en.lproj/InfoPlist.strings; sourceTree = "<group>"; };
		EC903FF217F7A4F0006F3ED2 /* main.m */ = {isa = PBXFileReference; lastKnownFileType = sourcecode.c.objc; path = main.m; sourceTree = "<group>"; };
		EC903FF417F7A4F0006F3ED2 /* BigByteTest-Prefix.pch */ = {isa = PBXFileReference; lastKnownFileType = sourcecode.c.h; path = "BigByteTest-Prefix.pch"; sourceTree = "<group>"; };
		EC903FF517F7A4F0006F3ED2 /* BigByteTestAppDelegate.h */ = {isa = PBXFileReference; lastKnownFileType = sourcecode.c.h; path = BigByteTestAppDelegate.h; sourceTree = "<group>"; };
		EC903FF617F7A4F0006F3ED2 /* BigByteTestAppDelegate.m */ = {isa = PBXFileReference; lastKnownFileType = sourcecode.c.objc; path = BigByteTestAppDelegate.m; sourceTree = "<group>"; };
		EC903FF917F7A4F0006F3ED2 /* Base */ = {isa = PBXFileReference; lastKnownFileType = file.storyboard; name = Base; path = Base.lproj/Main.storyboard; sourceTree = "<group>"; };
		EC903FFB17F7A4F0006F3ED2 /* BigByteTestMasterViewController.h */ = {isa = PBXFileReference; lastKnownFileType = sourcecode.c.h; path = BigByteTestMasterViewController.h; sourceTree = "<group>"; };
		EC903FFC17F7A4F0006F3ED2 /* BigByteTestMasterViewController.m */ = {isa = PBXFileReference; lastKnownFileType = sourcecode.c.objc; path = BigByteTestMasterViewController.m; sourceTree = "<group>"; };
		EC903FFE17F7A4F0006F3ED2 /* BigByteTestDetailViewController.h */ = {isa = PBXFileReference; lastKnownFileType = sourcecode.c.h; path = BigByteTestDetailViewController.h; sourceTree = "<group>"; };
		EC903FFF17F7A4F0006F3ED2 /* BigByteTestDetailViewController.m */ = {isa = PBXFileReference; lastKnownFileType = sourcecode.c.objc; path = BigByteTestDetailViewController.m; sourceTree = "<group>"; };
		EC90400117F7A4F0006F3ED2 /* Images.xcassets */ = {isa = PBXFileReference; lastKnownFileType = folder.assetcatalog; path = Images.xcassets; sourceTree = "<group>"; };
		EC90400717F7A4F0006F3ED2 /* BigByteTestTests.xctest */ = {isa = PBXFileReference; explicitFileType = wrapper.cfbundle; includeInIndex = 0; path = BigByteTestTests.xctest; sourceTree = BUILT_PRODUCTS_DIR; };
		EC90400817F7A4F0006F3ED2 /* XCTest.framework */ = {isa = PBXFileReference; lastKnownFileType = wrapper.framework; name = XCTest.framework; path = Library/Frameworks/XCTest.framework; sourceTree = DEVELOPER_DIR; };
		EC90401017F7A4F0006F3ED2 /* BigByteTestTests-Info.plist */ = {isa = PBXFileReference; lastKnownFileType = text.plist.xml; path = "BigByteTestTests-Info.plist"; sourceTree = "<group>"; };
		EC90401217F7A4F0006F3ED2 /* en */ = {isa = PBXFileReference; lastKnownFileType = text.plist.strings; name = en; path = en.lproj/InfoPlist.strings; sourceTree = "<group>"; };
		EC90401417F7A4F0006F3ED2 /* BigByteTestTests.m */ = {isa = PBXFileReference; lastKnownFileType = sourcecode.c.objc; path = BigByteTestTests.m; sourceTree = "<group>"; };
		ECFC0CF217F7A6F3000E7933 /* Song.h */ = {isa = PBXFileReference; fileEncoding = 4; lastKnownFileType = sourcecode.c.h; path = Song.h; sourceTree = "<group>"; };
		ECFC0CF317F7A6F3000E7933 /* Song.m */ = {isa = PBXFileReference; fileEncoding = 4; lastKnownFileType = sourcecode.c.objc; path = Song.m; sourceTree = "<group>"; };
		ECFC0CF517F7A883000E7933 /* SongDataController.h */ = {isa = PBXFileReference; fileEncoding = 4; lastKnownFileType = sourcecode.c.h; path = SongDataController.h; sourceTree = "<group>"; };
		ECFC0CF617F7A883000E7933 /* SongDataController.m */ = {isa = PBXFileReference; fileEncoding = 4; lastKnownFileType = sourcecode.c.objc; path = SongDataController.m; sourceTree = "<group>"; };
		ECFC0CF817F7B17A000E7933 /* App.h */ = {isa = PBXFileReference; fileEncoding = 4; lastKnownFileType = sourcecode.c.h; path = App.h; sourceTree = "<group>"; };
		ECFC0CF917F7B17A000E7933 /* App.m */ = {isa = PBXFileReference; fileEncoding = 4; lastKnownFileType = sourcecode.c.objc; path = App.m; sourceTree = "<group>"; };
		ECFC0CFB17F7B2DE000E7933 /* Episode.h */ = {isa = PBXFileReference; fileEncoding = 4; lastKnownFileType = sourcecode.c.h; path = Episode.h; sourceTree = "<group>"; };
		ECFC0CFC17F7B2DE000E7933 /* Episode.m */ = {isa = PBXFileReference; fileEncoding = 4; lastKnownFileType = sourcecode.c.objc; path = Episode.m; sourceTree = "<group>"; };
/* End PBXFileReference section */

/* Begin PBXFrameworksBuildPhase section */
		EC903FE017F7A4F0006F3ED2 /* Frameworks */ = {
			isa = PBXFrameworksBuildPhase;
			buildActionMask = 2147483647;
			files = (
				EC8BAFBA17F820970083D612 /* SystemConfiguration.framework in Frameworks */,
				EC903FE917F7A4F0006F3ED2 /* CoreGraphics.framework in Frameworks */,
				EC903FEB17F7A4F0006F3ED2 /* UIKit.framework in Frameworks */,
				EC903FE717F7A4F0006F3ED2 /* Foundation.framework in Frameworks */,
			);
			runOnlyForDeploymentPostprocessing = 0;
		};
		EC90400417F7A4F0006F3ED2 /* Frameworks */ = {
			isa = PBXFrameworksBuildPhase;
			buildActionMask = 2147483647;
			files = (
				EC90400917F7A4F0006F3ED2 /* XCTest.framework in Frameworks */,
				EC90400B17F7A4F0006F3ED2 /* UIKit.framework in Frameworks */,
				EC90400A17F7A4F0006F3ED2 /* Foundation.framework in Frameworks */,
			);
			runOnlyForDeploymentPostprocessing = 0;
		};
/* End PBXFrameworksBuildPhase section */

/* Begin PBXGroup section */
		EC8BAFBB17F820E50083D612 /* JSONModel */ = {
			isa = PBXGroup;
			children = (
				EC8BAFBC17F820E50083D612 /* JSONModel */,
				EC8BAFC517F820E50083D612 /* JSONModelCategories */,
				EC8BAFC817F820E50083D612 /* JSONModelLib.h */,
				EC8BAFC917F820E50083D612 /* JSONModelNetworking */,
				EC8BAFD017F820E50083D612 /* JSONModelTransformations */,
			);
			path = JSONModel;
			sourceTree = "<group>";
		};
		EC8BAFBC17F820E50083D612 /* JSONModel */ = {
			isa = PBXGroup;
			children = (
				EC8BAFBD17F820E50083D612 /* JSONModel.h */,
				EC8BAFBE17F820E50083D612 /* JSONModel.m */,
				EC8BAFBF17F820E50083D612 /* JSONModelArray.h */,
				EC8BAFC017F820E50083D612 /* JSONModelArray.m */,
				EC8BAFC117F820E50083D612 /* JSONModelClassProperty.h */,
				EC8BAFC217F820E50083D612 /* JSONModelClassProperty.m */,
				EC8BAFC317F820E50083D612 /* JSONModelError.h */,
				EC8BAFC417F820E50083D612 /* JSONModelError.m */,
			);
			path = JSONModel;
			sourceTree = "<group>";
		};
		EC8BAFC517F820E50083D612 /* JSONModelCategories */ = {
			isa = PBXGroup;
			children = (
				EC8BAFC617F820E50083D612 /* NSArray+JSONModel.h */,
				EC8BAFC717F820E50083D612 /* NSArray+JSONModel.m */,
			);
			path = JSONModelCategories;
			sourceTree = "<group>";
		};
		EC8BAFC917F820E50083D612 /* JSONModelNetworking */ = {
			isa = PBXGroup;
			children = (
				EC8BAFCA17F820E50083D612 /* JSONAPI.h */,
				EC8BAFCB17F820E50083D612 /* JSONAPI.m */,
				EC8BAFCC17F820E50083D612 /* JSONHTTPClient.h */,
				EC8BAFCD17F820E50083D612 /* JSONHTTPClient.m */,
				EC8BAFCE17F820E50083D612 /* JSONModel+networking.h */,
				EC8BAFCF17F820E50083D612 /* JSONModel+networking.m */,
			);
			path = JSONModelNetworking;
			sourceTree = "<group>";
		};
		EC8BAFD017F820E50083D612 /* JSONModelTransformations */ = {
			isa = PBXGroup;
			children = (
				EC8BAFD117F820E50083D612 /* JSONKeyMapper.h */,
				EC8BAFD217F820E50083D612 /* JSONKeyMapper.m */,
				EC8BAFD317F820E50083D612 /* JSONValueTransformer.h */,
				EC8BAFD417F820E50083D612 /* JSONValueTransformer.m */,
			);
			path = JSONModelTransformations;
			sourceTree = "<group>";
		};
		EC8BAFE417F91E580083D612 /* MusicPlayerResources */ = {
			isa = PBXGroup;
			children = (
				EC8BAFE517F91E580083D612 /* pause_button.png */,
				EC8BAFE617F91E580083D612 /* pause_button@2x.png */,
				EC8BAFE717F91E580083D612 /* play_button.png */,
				EC8BAFE817F91E580083D612 /* play_button@2x.png */,
			);
			name = MusicPlayerResources;
			path = ../../../Downloads/MusicPlayerResources;
			sourceTree = "<group>";
		};
		EC903FDA17F7A4F0006F3ED2 = {
			isa = PBXGroup;
			children = (
				EC903FEC17F7A4F0006F3ED2 /* BigByteTest */,
				EC90400E17F7A4F0006F3ED2 /* BigByteTestTests */,
				EC903FE517F7A4F0006F3ED2 /* Frameworks */,
				EC903FE417F7A4F0006F3ED2 /* Products */,
			);
			sourceTree = "<group>";
		};
		EC903FE417F7A4F0006F3ED2 /* Products */ = {
			isa = PBXGroup;
			children = (
				EC903FE317F7A4F0006F3ED2 /* BigByteTest.app */,
				EC90400717F7A4F0006F3ED2 /* BigByteTestTests.xctest */,
			);
			name = Products;
			sourceTree = "<group>";
		};
		EC903FE517F7A4F0006F3ED2 /* Frameworks */ = {
			isa = PBXGroup;
			children = (
				EC8BAFB917F820970083D612 /* SystemConfiguration.framework */,
				EC903FE617F7A4F0006F3ED2 /* Foundation.framework */,
				EC903FE817F7A4F0006F3ED2 /* CoreGraphics.framework */,
				EC903FEA17F7A4F0006F3ED2 /* UIKit.framework */,
				EC90400817F7A4F0006F3ED2 /* XCTest.framework */,
			);
			name = Frameworks;
			sourceTree = "<group>";
		};
		EC903FEC17F7A4F0006F3ED2 /* BigByteTest */ = {
			isa = PBXGroup;
			children = (
				EC8BAFBB17F820E50083D612 /* JSONModel */,
				EC8BAFB317F7F1070083D612 /* CustomCellBackground.h */,
				EC8BAFB417F7F1070083D612 /* CustomCellBackground.m */,
				EC8BAFB017F7EFE60083D612 /* SearchResultCell.h */,
				EC8BAFB117F7EFE60083D612 /* SearchResultCell.m */,
				EC903FF517F7A4F0006F3ED2 /* BigByteTestAppDelegate.h */,
				EC903FF617F7A4F0006F3ED2 /* BigByteTestAppDelegate.m */,
				EC903FF817F7A4F0006F3ED2 /* Main.storyboard */,
				EC8BAFE417F91E580083D612 /* MusicPlayerResources */,
				EC903FFB17F7A4F0006F3ED2 /* BigByteTestMasterViewController.h */,
				EC903FFC17F7A4F0006F3ED2 /* BigByteTestMasterViewController.m */,
				EC8BAFE217F915810083D612 /* danceenergygrid.png */,
				EC903FFE17F7A4F0006F3ED2 /* BigByteTestDetailViewController.h */,
				EC903FFF17F7A4F0006F3ED2 /* BigByteTestDetailViewController.m */,
				EC8BAFB617F7FADD0083D612 /* SongDisplayViewController.h */,
				EC8BAFB717F7FADD0083D612 /* SongDisplayViewController.m */,
				EC90400117F7A4F0006F3ED2 /* Images.xcassets */,
				EC903FED17F7A4F0006F3ED2 /* Supporting Files */,
				ECFC0CF217F7A6F3000E7933 /* Song.h */,
				ECFC0CF817F7B17A000E7933 /* App.h */,
				ECFC0CFB17F7B2DE000E7933 /* Episode.h */,
				ECFC0CFC17F7B2DE000E7933 /* Episode.m */,
				ECFC0CF917F7B17A000E7933 /* App.m */,
				ECFC0CF317F7A6F3000E7933 /* Song.m */,
				ECFC0CF517F7A883000E7933 /* SongDataController.h */,
				ECFC0CF617F7A883000E7933 /* SongDataController.m */,
				EC8BAFDF17F825400083D612 /* SearchResult.h */,
				EC8BAFE017F825400083D612 /* SearchResult.m */,
			);
			path = BigByteTest;
			sourceTree = "<group>";
		};
		EC903FED17F7A4F0006F3ED2 /* Supporting Files */ = {
			isa = PBXGroup;
			children = (
				EC903FEE17F7A4F0006F3ED2 /* BigByteTest-Info.plist */,
				EC903FEF17F7A4F0006F3ED2 /* InfoPlist.strings */,
				EC903FF217F7A4F0006F3ED2 /* main.m */,
				EC903FF417F7A4F0006F3ED2 /* BigByteTest-Prefix.pch */,
			);
			name = "Supporting Files";
			sourceTree = "<group>";
		};
		EC90400E17F7A4F0006F3ED2 /* BigByteTestTests */ = {
			isa = PBXGroup;
			children = (
				EC90401417F7A4F0006F3ED2 /* BigByteTestTests.m */,
				EC90400F17F7A4F0006F3ED2 /* Supporting Files */,
			);
			path = BigByteTestTests;
			sourceTree = "<group>";
		};
		EC90400F17F7A4F0006F3ED2 /* Supporting Files */ = {
			isa = PBXGroup;
			children = (
				EC90401017F7A4F0006F3ED2 /* BigByteTestTests-Info.plist */,
				EC90401117F7A4F0006F3ED2 /* InfoPlist.strings */,
			);
			name = "Supporting Files";
			sourceTree = "<group>";
		};
/* End PBXGroup section */

/* Begin PBXNativeTarget section */
		EC903FE217F7A4F0006F3ED2 /* BigByteTest */ = {
			isa = PBXNativeTarget;
			buildConfigurationList = EC90401817F7A4F0006F3ED2 /* Build configuration list for PBXNativeTarget "BigByteTest" */;
			buildPhases = (
				EC903FDF17F7A4F0006F3ED2 /* Sources */,
				EC903FE017F7A4F0006F3ED2 /* Frameworks */,
				EC903FE117F7A4F0006F3ED2 /* Resources */,
			);
			buildRules = (
			);
			dependencies = (
			);
			name = BigByteTest;
			productName = BigByteTest;
			productReference = EC903FE317F7A4F0006F3ED2 /* BigByteTest.app */;
			productType = "com.apple.product-type.application";
		};
		EC90400617F7A4F0006F3ED2 /* BigByteTestTests */ = {
			isa = PBXNativeTarget;
			buildConfigurationList = EC90401B17F7A4F0006F3ED2 /* Build configuration list for PBXNativeTarget "BigByteTestTests" */;
			buildPhases = (
				EC90400317F7A4F0006F3ED2 /* Sources */,
				EC90400417F7A4F0006F3ED2 /* Frameworks */,
				EC90400517F7A4F0006F3ED2 /* Resources */,
			);
			buildRules = (
			);
			dependencies = (
				EC90400D17F7A4F0006F3ED2 /* PBXTargetDependency */,
			);
			name = BigByteTestTests;
			productName = BigByteTestTests;
			productReference = EC90400717F7A4F0006F3ED2 /* BigByteTestTests.xctest */;
			productType = "com.apple.product-type.bundle.unit-test";
		};
/* End PBXNativeTarget section */

/* Begin PBXProject section */
		EC903FDB17F7A4F0006F3ED2 /* Project object */ = {
			isa = PBXProject;
			attributes = {
				CLASSPREFIX = BigByteTest;
				LastUpgradeCheck = 0500;
				ORGANIZATIONNAME = "Mack Yi";
				TargetAttributes = {
					EC90400617F7A4F0006F3ED2 = {
						TestTargetID = EC903FE217F7A4F0006F3ED2;
					};
				};
			};
			buildConfigurationList = EC903FDE17F7A4F0006F3ED2 /* Build configuration list for PBXProject "BigByteTest" */;
			compatibilityVersion = "Xcode 3.2";
			developmentRegion = English;
			hasScannedForEncodings = 0;
			knownRegions = (
				en,
				Base,
			);
			mainGroup = EC903FDA17F7A4F0006F3ED2;
			productRefGroup = EC903FE417F7A4F0006F3ED2 /* Products */;
			projectDirPath = "";
			projectRoot = "";
			targets = (
				EC903FE217F7A4F0006F3ED2 /* BigByteTest */,
				EC90400617F7A4F0006F3ED2 /* BigByteTestTests */,
			);
		};
/* End PBXProject section */

/* Begin PBXResourcesBuildPhase section */
		EC903FE117F7A4F0006F3ED2 /* Resources */ = {
			isa = PBXResourcesBuildPhase;
			buildActionMask = 2147483647;
			files = (
				EC8BAFEC17F91E580083D612 /* play_button@2x.png in Resources */,
				EC90400217F7A4F0006F3ED2 /* Images.xcassets in Resources */,
				EC8BAFEA17F91E580083D612 /* pause_button@2x.png in Resources */,
				EC8BAFEB17F91E580083D612 /* play_button.png in Resources */,
				EC8BAFE317F915810083D612 /* danceenergygrid.png in Resources */,
				EC8BAFE917F91E580083D612 /* pause_button.png in Resources */,
				EC903FF117F7A4F0006F3ED2 /* InfoPlist.strings in Resources */,
				EC903FFA17F7A4F0006F3ED2 /* Main.storyboard in Resources */,
			);
			runOnlyForDeploymentPostprocessing = 0;
		};
		EC90400517F7A4F0006F3ED2 /* Resources */ = {
			isa = PBXResourcesBuildPhase;
			buildActionMask = 2147483647;
			files = (
				EC90401317F7A4F0006F3ED2 /* InfoPlist.strings in Resources */,
			);
			runOnlyForDeploymentPostprocessing = 0;
		};
/* End PBXResourcesBuildPhase section */

/* Begin PBXSourcesBuildPhase section */
		EC903FDF17F7A4F0006F3ED2 /* Sources */ = {
			isa = PBXSourcesBuildPhase;
			buildActionMask = 2147483647;
			files = (
				EC8BAFDB17F820E50083D612 /* JSONHTTPClient.m in Sources */,
				ECFC0CF417F7A6F3000E7933 /* Song.m in Sources */,
				EC8BAFDC17F820E50083D612 /* JSONModel+networking.m in Sources */,
				EC8BAFB217F7EFE60083D612 /* SearchResultCell.m in Sources */,
				EC8BAFB817F7FADD0083D612 /* SongDisplayViewController.m in Sources */,
				EC8BAFD817F820E50083D612 /* JSONModelError.m in Sources */,
				EC8BAFD917F820E50083D612 /* NSArray+JSONModel.m in Sources */,
				EC90400017F7A4F0006F3ED2 /* BigByteTestDetailViewController.m in Sources */,
				EC8BAFE117F825400083D612 /* SearchResult.m in Sources */,
				EC8BAFDA17F820E50083D612 /* JSONAPI.m in Sources */,
				ECFC0CFA17F7B17A000E7933 /* App.m in Sources */,
				EC903FFD17F7A4F0006F3ED2 /* BigByteTestMasterViewController.m in Sources */,
				EC8BAFDE17F820E50083D612 /* JSONValueTransformer.m in Sources */,
				EC903FF317F7A4F0006F3ED2 /* main.m in Sources */,
				EC8BAFD717F820E50083D612 /* JSONModelClassProperty.m in Sources */,
				ECFC0CFD17F7B2DE000E7933 /* Episode.m in Sources */,
				EC8BAFDD17F820E50083D612 /* JSONKeyMapper.m in Sources */,
				ECFC0CF717F7A883000E7933 /* SongDataController.m in Sources */,
				EC8BAFD517F820E50083D612 /* JSONModel.m in Sources */,
				EC8BAFB517F7F1070083D612 /* CustomCellBackground.m in Sources */,
				EC903FF717F7A4F0006F3ED2 /* BigByteTestAppDelegate.m in Sources */,
				EC8BAFD617F820E50083D612 /* JSONModelArray.m in Sources */,
			);
			runOnlyForDeploymentPostprocessing = 0;
		};
		EC90400317F7A4F0006F3ED2 /* Sources */ = {
			isa = PBXSourcesBuildPhase;
			buildActionMask = 2147483647;
			files = (
				EC90401517F7A4F0006F3ED2 /* BigByteTestTests.m in Sources */,
			);
			runOnlyForDeploymentPostprocessing = 0;
		};
/* End PBXSourcesBuildPhase section */

/* Begin PBXTargetDependency section */
		EC90400D17F7A4F0006F3ED2 /* PBXTargetDependency */ = {
			isa = PBXTargetDependency;
			target = EC903FE217F7A4F0006F3ED2 /* BigByteTest */;
			targetProxy = EC90400C17F7A4F0006F3ED2 /* PBXContainerItemProxy */;
		};
/* End PBXTargetDependency section */

/* Begin PBXVariantGroup section */
		EC903FEF17F7A4F0006F3ED2 /* InfoPlist.strings */ = {
			isa = PBXVariantGroup;
			children = (
				EC903FF017F7A4F0006F3ED2 /* en */,
			);
			name = InfoPlist.strings;
			sourceTree = "<group>";
		};
		EC903FF817F7A4F0006F3ED2 /* Main.storyboard */ = {
			isa = PBXVariantGroup;
			children = (
				EC903FF917F7A4F0006F3ED2 /* Base */,
			);
			name = Main.storyboard;
			sourceTree = "<group>";
		};
		EC90401117F7A4F0006F3ED2 /* InfoPlist.strings */ = {
			isa = PBXVariantGroup;
			children = (
				EC90401217F7A4F0006F3ED2 /* en */,
			);
			name = InfoPlist.strings;
			sourceTree = "<group>";
		};
/* End PBXVariantGroup section */

/* Begin XCBuildConfiguration section */
		EC90401617F7A4F0006F3ED2 /* Debug */ = {
			isa = XCBuildConfiguration;
			buildSettings = {
				ALWAYS_SEARCH_USER_PATHS = NO;
				ARCHS = "$(ARCHS_STANDARD_INCLUDING_64_BIT)";
				CLANG_CXX_LANGUAGE_STANDARD = "gnu++0x";
				CLANG_CXX_LIBRARY = "libc++";
				CLANG_ENABLE_MODULES = YES;
				CLANG_ENABLE_OBJC_ARC = YES;
				CLANG_WARN_BOOL_CONVERSION = YES;
				CLANG_WARN_CONSTANT_CONVERSION = YES;
				CLANG_WARN_DIRECT_OBJC_ISA_USAGE = YES_ERROR;
				CLANG_WARN_EMPTY_BODY = YES;
				CLANG_WARN_ENUM_CONVERSION = YES;
				CLANG_WARN_INT_CONVERSION = YES;
				CLANG_WARN_OBJC_ROOT_CLASS = YES_ERROR;
				CLANG_WARN__DUPLICATE_METHOD_MATCH = YES;
				"CODE_SIGN_IDENTITY[sdk=iphoneos*]" = "iPhone Developer";
				COPY_PHASE_STRIP = NO;
				GCC_C_LANGUAGE_STANDARD = gnu99;
				GCC_DYNAMIC_NO_PIC = NO;
				GCC_OPTIMIZATION_LEVEL = 0;
				GCC_PREPROCESSOR_DEFINITIONS = (
					"DEBUG=1",
					"$(inherited)",
				);
				GCC_SYMBOLS_PRIVATE_EXTERN = NO;
				GCC_WARN_64_TO_32_BIT_CONVERSION = YES;
				GCC_WARN_ABOUT_RETURN_TYPE = YES_ERROR;
				GCC_WARN_UNDECLARED_SELECTOR = YES;
				GCC_WARN_UNINITIALIZED_AUTOS = YES;
				GCC_WARN_UNUSED_FUNCTION = YES;
				GCC_WARN_UNUSED_VARIABLE = YES;
				IPHONEOS_DEPLOYMENT_TARGET = 7.0;
				ONLY_ACTIVE_ARCH = YES;
				SDKROOT = iphoneos;
				TARGETED_DEVICE_FAMILY = 2;
			};
			name = Debug;
		};
		EC90401717F7A4F0006F3ED2 /* Release */ = {
			isa = XCBuildConfiguration;
			buildSettings = {
				ALWAYS_SEARCH_USER_PATHS = NO;
				ARCHS = "$(ARCHS_STANDARD_INCLUDING_64_BIT)";
				CLANG_CXX_LANGUAGE_STANDARD = "gnu++0x";
				CLANG_CXX_LIBRARY = "libc++";
				CLANG_ENABLE_MODULES = YES;
				CLANG_ENABLE_OBJC_ARC = YES;
				CLANG_WARN_BOOL_CONVERSION = YES;
				CLANG_WARN_CONSTANT_CONVERSION = YES;
				CLANG_WARN_DIRECT_OBJC_ISA_USAGE = YES_ERROR;
				CLANG_WARN_EMPTY_BODY = YES;
				CLANG_WARN_ENUM_CONVERSION = YES;
				CLANG_WARN_INT_CONVERSION = YES;
				CLANG_WARN_OBJC_ROOT_CLASS = YES_ERROR;
				CLANG_WARN__DUPLICATE_METHOD_MATCH = YES;
				"CODE_SIGN_IDENTITY[sdk=iphoneos*]" = "iPhone Developer";
				COPY_PHASE_STRIP = YES;
				ENABLE_NS_ASSERTIONS = NO;
				GCC_C_LANGUAGE_STANDARD = gnu99;
				GCC_WARN_64_TO_32_BIT_CONVERSION = YES;
				GCC_WARN_ABOUT_RETURN_TYPE = YES_ERROR;
				GCC_WARN_UNDECLARED_SELECTOR = YES;
				GCC_WARN_UNINITIALIZED_AUTOS = YES;
				GCC_WARN_UNUSED_FUNCTION = YES;
				GCC_WARN_UNUSED_VARIABLE = YES;
				IPHONEOS_DEPLOYMENT_TARGET = 7.0;
				SDKROOT = iphoneos;
				TARGETED_DEVICE_FAMILY = 2;
				VALIDATE_PRODUCT = YES;
			};
			name = Release;
		};
		EC90401917F7A4F0006F3ED2 /* Debug */ = {
			isa = XCBuildConfiguration;
			buildSettings = {
				ASSETCATALOG_COMPILER_APPICON_NAME = AppIcon;
				ASSETCATALOG_COMPILER_LAUNCHIMAGE_NAME = LaunchImage;
				GCC_PRECOMPILE_PREFIX_HEADER = YES;
				GCC_PREFIX_HEADER = "BigByteTest/BigByteTest-Prefix.pch";
				INFOPLIST_FILE = "BigByteTest/BigByteTest-Info.plist";
				PRODUCT_NAME = "$(TARGET_NAME)";
				WRAPPER_EXTENSION = app;
			};
			name = Debug;
		};
		EC90401A17F7A4F0006F3ED2 /* Release */ = {
			isa = XCBuildConfiguration;
			buildSettings = {
				ASSETCATALOG_COMPILER_APPICON_NAME = AppIcon;
				ASSETCATALOG_COMPILER_LAUNCHIMAGE_NAME = LaunchImage;
				GCC_PRECOMPILE_PREFIX_HEADER = YES;
				GCC_PREFIX_HEADER = "BigByteTest/BigByteTest-Prefix.pch";
				INFOPLIST_FILE = "BigByteTest/BigByteTest-Info.plist";
				PRODUCT_NAME = "$(TARGET_NAME)";
				WRAPPER_EXTENSION = app;
			};
			name = Release;
		};
		EC90401C17F7A4F0006F3ED2 /* Debug */ = {
			isa = XCBuildConfiguration;
			buildSettings = {
				ARCHS = "$(ARCHS_STANDARD_INCLUDING_64_BIT)";
				BUNDLE_LOADER = "$(BUILT_PRODUCTS_DIR)/BigByteTest.app/BigByteTest";
				FRAMEWORK_SEARCH_PATHS = (
					"$(SDKROOT)/Developer/Library/Frameworks",
					"$(inherited)",
					"$(DEVELOPER_FRAMEWORKS_DIR)",
				);
				GCC_PRECOMPILE_PREFIX_HEADER = YES;
				GCC_PREFIX_HEADER = "BigByteTest/BigByteTest-Prefix.pch";
				GCC_PREPROCESSOR_DEFINITIONS = (
					"DEBUG=1",
					"$(inherited)",
				);
				INFOPLIST_FILE = "BigByteTestTests/BigByteTestTests-Info.plist";
				PRODUCT_NAME = "$(TARGET_NAME)";
				TEST_HOST = "$(BUNDLE_LOADER)";
				WRAPPER_EXTENSION = xctest;
			};
			name = Debug;
		};
		EC90401D17F7A4F0006F3ED2 /* Release */ = {
			isa = XCBuildConfiguration;
			buildSettings = {
				ARCHS = "$(ARCHS_STANDARD_INCLUDING_64_BIT)";
				BUNDLE_LOADER = "$(BUILT_PRODUCTS_DIR)/BigByteTest.app/BigByteTest";
				FRAMEWORK_SEARCH_PATHS = (
					"$(SDKROOT)/Developer/Library/Frameworks",
					"$(inherited)",
					"$(DEVELOPER_FRAMEWORKS_DIR)",
				);
				GCC_PRECOMPILE_PREFIX_HEADER = YES;
				GCC_PREFIX_HEADER = "BigByteTest/BigByteTest-Prefix.pch";
				INFOPLIST_FILE = "BigByteTestTests/BigByteTestTests-Info.plist";
				PRODUCT_NAME = "$(TARGET_NAME)";
				TEST_HOST = "$(BUNDLE_LOADER)";
				WRAPPER_EXTENSION = xctest;
			};
			name = Release;
		};
/* End XCBuildConfiguration section */

/* Begin XCConfigurationList section */
		EC903FDE17F7A4F0006F3ED2 /* Build configuration list for PBXProject "BigByteTest" */ = {
			isa = XCConfigurationList;
			buildConfigurations = (
				EC90401617F7A4F0006F3ED2 /* Debug */,
				EC90401717F7A4F0006F3ED2 /* Release */,
			);
			defaultConfigurationIsVisible = 0;
			defaultConfigurationName = Release;
		};
		EC90401817F7A4F0006F3ED2 /* Build configuration list for PBXNativeTarget "BigByteTest" */ = {
			isa = XCConfigurationList;
			buildConfigurations = (
				EC90401917F7A4F0006F3ED2 /* Debug */,
				EC90401A17F7A4F0006F3ED2 /* Release */,
			);
			defaultConfigurationIsVisible = 0;
			defaultConfigurationName = Release;
		};
		EC90401B17F7A4F0006F3ED2 /* Build configuration list for PBXNativeTarget "BigByteTestTests" */ = {
			isa = XCConfigurationList;
			buildConfigurations = (
				EC90401C17F7A4F0006F3ED2 /* Debug */,
				EC90401D17F7A4F0006F3ED2 /* Release */,
			);
			defaultConfigurationIsVisible = 0;
			defaultConfigurationName = Release;
		};
/* End XCConfigurationList section */
	};
	rootObject = EC903FDB17F7A4F0006F3ED2 /* Project object */;
}
